// !$*UTF8*$!
{
	archiveVersion = 1;
	classes = {
	};
	objectVersion = 56;
	objects = {

/* Begin PBXBuildFile section */
		B12ED38B2997061D00272E53 /* AppDelegate.swift in Sources */ = {isa = PBXBuildFile; fileRef = B12ED38A2997061D00272E53 /* AppDelegate.swift */; };
		B12ED38D2997061D00272E53 /* SceneDelegate.swift in Sources */ = {isa = PBXBuildFile; fileRef = B12ED38C2997061D00272E53 /* SceneDelegate.swift */; };
		B12ED38F2997061D00272E53 /* RMTabBarController.swift in Sources */ = {isa = PBXBuildFile; fileRef = B12ED38E2997061D00272E53 /* RMTabBarController.swift */; };
		B12ED3942997061F00272E53 /* Assets.xcassets in Resources */ = {isa = PBXBuildFile; fileRef = B12ED3932997061F00272E53 /* Assets.xcassets */; };
		B12ED3972997061F00272E53 /* LaunchScreen.storyboard in Resources */ = {isa = PBXBuildFile; fileRef = B12ED3952997061F00272E53 /* LaunchScreen.storyboard */; };
		B13AEB70299946F300CEFF28 /* RMLocation.swift in Sources */ = {isa = PBXBuildFile; fileRef = B13AEB6F299946F300CEFF28 /* RMLocation.swift */; };
		B13AEB72299946FF00CEFF28 /* RMCharacter.swift in Sources */ = {isa = PBXBuildFile; fileRef = B13AEB71299946FF00CEFF28 /* RMCharacter.swift */; };
		B13AEB742999471900CEFF28 /* RMEpisode.swift in Sources */ = {isa = PBXBuildFile; fileRef = B13AEB732999471900CEFF28 /* RMEpisode.swift */; };
		B13AEB7F29994BC600CEFF28 /* RMCharacterViewController.swift in Sources */ = {isa = PBXBuildFile; fileRef = B13AEB7E29994BC600CEFF28 /* RMCharacterViewController.swift */; };
		B13AEB8129994BED00CEFF28 /* RMLocationViewController.swift in Sources */ = {isa = PBXBuildFile; fileRef = B13AEB8029994BED00CEFF28 /* RMLocationViewController.swift */; };
		B13AEB8329994BFF00CEFF28 /* RMEpisodeViewController.swift in Sources */ = {isa = PBXBuildFile; fileRef = B13AEB8229994BFF00CEFF28 /* RMEpisodeViewController.swift */; };
		B13AEB8529994C0E00CEFF28 /* RMSettingsViewController.swift in Sources */ = {isa = PBXBuildFile; fileRef = B13AEB8429994C0E00CEFF28 /* RMSettingsViewController.swift */; };
/* End PBXBuildFile section */

/* Begin PBXFileReference section */
		B12ED3872997061D00272E53 /* RickAndMorty.app */ = {isa = PBXFileReference; explicitFileType = wrapper.application; includeInIndex = 0; path = RickAndMorty.app; sourceTree = BUILT_PRODUCTS_DIR; };
		B12ED38A2997061D00272E53 /* AppDelegate.swift */ = {isa = PBXFileReference; lastKnownFileType = sourcecode.swift; path = AppDelegate.swift; sourceTree = "<group>"; };
		B12ED38C2997061D00272E53 /* SceneDelegate.swift */ = {isa = PBXFileReference; lastKnownFileType = sourcecode.swift; path = SceneDelegate.swift; sourceTree = "<group>"; };
		B12ED38E2997061D00272E53 /* RMTabBarController.swift */ = {isa = PBXFileReference; lastKnownFileType = sourcecode.swift; path = RMTabBarController.swift; sourceTree = "<group>"; };
		B12ED3932997061F00272E53 /* Assets.xcassets */ = {isa = PBXFileReference; lastKnownFileType = folder.assetcatalog; path = Assets.xcassets; sourceTree = "<group>"; };
		B12ED3962997061F00272E53 /* Base */ = {isa = PBXFileReference; lastKnownFileType = file.storyboard; name = Base; path = Base.lproj/LaunchScreen.storyboard; sourceTree = "<group>"; };
		B12ED3982997061F00272E53 /* Info.plist */ = {isa = PBXFileReference; lastKnownFileType = text.plist.xml; path = Info.plist; sourceTree = "<group>"; };
		B13AEB6F299946F300CEFF28 /* RMLocation.swift */ = {isa = PBXFileReference; lastKnownFileType = sourcecode.swift; path = RMLocation.swift; sourceTree = "<group>"; };
		B13AEB71299946FF00CEFF28 /* RMCharacter.swift */ = {isa = PBXFileReference; lastKnownFileType = sourcecode.swift; path = RMCharacter.swift; sourceTree = "<group>"; };
		B13AEB732999471900CEFF28 /* RMEpisode.swift */ = {isa = PBXFileReference; lastKnownFileType = sourcecode.swift; path = RMEpisode.swift; sourceTree = "<group>"; };
		B13AEB7E29994BC600CEFF28 /* RMCharacterViewController.swift */ = {isa = PBXFileReference; lastKnownFileType = sourcecode.swift; path = RMCharacterViewController.swift; sourceTree = "<group>"; };
		B13AEB8029994BED00CEFF28 /* RMLocationViewController.swift */ = {isa = PBXFileReference; lastKnownFileType = sourcecode.swift; path = RMLocationViewController.swift; sourceTree = "<group>"; };
		B13AEB8229994BFF00CEFF28 /* RMEpisodeViewController.swift */ = {isa = PBXFileReference; lastKnownFileType = sourcecode.swift; path = RMEpisodeViewController.swift; sourceTree = "<group>"; };
		B13AEB8429994C0E00CEFF28 /* RMSettingsViewController.swift */ = {isa = PBXFileReference; lastKnownFileType = sourcecode.swift; path = RMSettingsViewController.swift; sourceTree = "<group>"; };
/* End PBXFileReference section */

/* Begin PBXFrameworksBuildPhase section */
		B12ED3842997061D00272E53 /* Frameworks */ = {
			isa = PBXFrameworksBuildPhase;
			buildActionMask = 2147483647;
			files = (
			);
			runOnlyForDeploymentPostprocessing = 0;
		};
/* End PBXFrameworksBuildPhase section */

/* Begin PBXGroup section */
		B12ED37E2997061D00272E53 = {
			isa = PBXGroup;
			children = (
				B12ED3892997061D00272E53 /* RickAndMorty */,
				B12ED3882997061D00272E53 /* Products */,
			);
			sourceTree = "<group>";
		};
		B12ED3882997061D00272E53 /* Products */ = {
			isa = PBXGroup;
			children = (
				B12ED3872997061D00272E53 /* RickAndMorty.app */,
			);
			name = Products;
			sourceTree = "<group>";
		};
		B12ED3892997061D00272E53 /* RickAndMorty */ = {
			isa = PBXGroup;
			children = (
				B13AEB6E29986D1200CEFF28 /* Resources */,
				B13AEB6D29986D0B00CEFF28 /* Managers */,
				B13AEB6C29986D0100CEFF28 /* APIClient */,
				B13AEB6B29986CE300CEFF28 /* ViewModels */,
				B13AEB6A29986CD700CEFF28 /* Views */,
				B13AEB6929986CCB00CEFF28 /* Models */,
				B13AEB6829986CB700CEFF28 /* Controllers */,
				B12ED3982997061F00272E53 /* Info.plist */,
			);
			path = RickAndMorty;
			sourceTree = "<group>";
		};
		B13AEB6829986CB700CEFF28 /* Controllers */ = {
			isa = PBXGroup;
			children = (
				B13AEB75299947FA00CEFF28 /* Core */,
			);
			path = Controllers;
			sourceTree = "<group>";
		};
		B13AEB6929986CCB00CEFF28 /* Models */ = {
			isa = PBXGroup;
			children = (
				B13AEB6F299946F300CEFF28 /* RMLocation.swift */,
				B13AEB71299946FF00CEFF28 /* RMCharacter.swift */,
				B13AEB732999471900CEFF28 /* RMEpisode.swift */,
			);
			path = Models;
			sourceTree = "<group>";
		};
		B13AEB6A29986CD700CEFF28 /* Views */ = {
			isa = PBXGroup;
			children = (
			);
			path = Views;
			sourceTree = "<group>";
		};
		B13AEB6B29986CE300CEFF28 /* ViewModels */ = {
			isa = PBXGroup;
			children = (
			);
			path = ViewModels;
			sourceTree = "<group>";
		};
		B13AEB6C29986D0100CEFF28 /* APIClient */ = {
			isa = PBXGroup;
			children = (
			);
			path = APIClient;
			sourceTree = "<group>";
		};
		B13AEB6D29986D0B00CEFF28 /* Managers */ = {
			isa = PBXGroup;
			children = (
			);
			path = Managers;
			sourceTree = "<group>";
		};
		B13AEB6E29986D1200CEFF28 /* Resources */ = {
			isa = PBXGroup;
			children = (
				B12ED3932997061F00272E53 /* Assets.xcassets */,
				B12ED3952997061F00272E53 /* LaunchScreen.storyboard */,
				B12ED38A2997061D00272E53 /* AppDelegate.swift */,
				B12ED38C2997061D00272E53 /* SceneDelegate.swift */,
			);
			path = Resources;
			sourceTree = "<group>";
		};
		B13AEB75299947FA00CEFF28 /* Core */ = {
			isa = PBXGroup;
			children = (
				B12ED38E2997061D00272E53 /* RMTabBarController.swift */,
				B13AEB7E29994BC600CEFF28 /* RMCharacterViewController.swift */,
				B13AEB8029994BED00CEFF28 /* RMLocationViewController.swift */,
				B13AEB8229994BFF00CEFF28 /* RMEpisodeViewController.swift */,
				B13AEB8429994C0E00CEFF28 /* RMSettingsViewController.swift */,
			);
			path = Core;
			sourceTree = "<group>";
		};
/* End PBXGroup section */

/* Begin PBXNativeTarget section */
		B12ED3862997061D00272E53 /* RickAndMorty */ = {
			isa = PBXNativeTarget;
			buildConfigurationList = B12ED39B2997061F00272E53 /* Build configuration list for PBXNativeTarget "RickAndMorty" */;
			buildPhases = (
				B12ED3832997061D00272E53 /* Sources */,
				B12ED3842997061D00272E53 /* Frameworks */,
				B12ED3852997061D00272E53 /* Resources */,
			);
			buildRules = (
			);
			dependencies = (
			);
			name = RickAndMorty;
			productName = RickAndMorty;
			productReference = B12ED3872997061D00272E53 /* RickAndMorty.app */;
			productType = "com.apple.product-type.application";
		};
/* End PBXNativeTarget section */

/* Begin PBXProject section */
		B12ED37F2997061D00272E53 /* Project object */ = {
			isa = PBXProject;
			attributes = {
				BuildIndependentTargetsInParallel = 1;
				LastSwiftUpdateCheck = 1420;
				LastUpgradeCheck = 1420;
				TargetAttributes = {
					B12ED3862997061D00272E53 = {
						CreatedOnToolsVersion = 14.2;
					};
				};
			};
			buildConfigurationList = B12ED3822997061D00272E53 /* Build configuration list for PBXProject "RickAndMorty" */;
			compatibilityVersion = "Xcode 14.0";
			developmentRegion = en;
			hasScannedForEncodings = 0;
			knownRegions = (
				en,
				Base,
			);
			mainGroup = B12ED37E2997061D00272E53;
			productRefGroup = B12ED3882997061D00272E53 /* Products */;
			projectDirPath = "";
			projectRoot = "";
			targets = (
				B12ED3862997061D00272E53 /* RickAndMorty */,
			);
		};
/* End PBXProject section */

/* Begin PBXResourcesBuildPhase section */
		B12ED3852997061D00272E53 /* Resources */ = {
			isa = PBXResourcesBuildPhase;
			buildActionMask = 2147483647;
			files = (
				B12ED3972997061F00272E53 /* LaunchScreen.storyboard in Resources */,
				B12ED3942997061F00272E53 /* Assets.xcassets in Resources */,
			);
			runOnlyForDeploymentPostprocessing = 0;
		};
/* End PBXResourcesBuildPhase section */

/* Begin PBXSourcesBuildPhase section */
		B12ED3832997061D00272E53 /* Sources */ = {
			isa = PBXSourcesBuildPhase;
			buildActionMask = 2147483647;
			files = (
				B13AEB8129994BED00CEFF28 /* RMLocationViewController.swift in Sources */,
				B13AEB742999471900CEFF28 /* RMEpisode.swift in Sources */,
				B12ED38F2997061D00272E53 /* RMTabBarController.swift in Sources */,
				B13AEB8329994BFF00CEFF28 /* RMEpisodeViewController.swift in Sources */,
				B12ED38B2997061D00272E53 /* AppDelegate.swift in Sources */,
				B12ED38D2997061D00272E53 /* SceneDelegate.swift in Sources */,
				B13AEB8529994C0E00CEFF28 /* RMSettingsViewController.swift in Sources */,
				B13AEB70299946F300CEFF28 /* RMLocation.swift in Sources */,
				B13AEB72299946FF00CEFF28 /* RMCharacter.swift in Sources */,
				B13AEB7F29994BC600CEFF28 /* RMCharacterViewController.swift in Sources */,
			);
			runOnlyForDeploymentPostprocessing = 0;
		};
/* End PBXSourcesBuildPhase section */

/* Begin PBXVariantGroup section */
		B12ED3952997061F00272E53 /* LaunchScreen.storyboard */ = {
			isa = PBXVariantGroup;
			children = (
				B12ED3962997061F00272E53 /* Base */,
			);
			name = LaunchScreen.storyboard;
			sourceTree = "<group>";
		};
/* End PBXVariantGroup section */

/* Begin XCBuildConfiguration section */
		B12ED3992997061F00272E53 /* Debug */ = {
			isa = XCBuildConfiguration;
			buildSettings = {
				ALWAYS_SEARCH_USER_PATHS = NO;
				CLANG_ANALYZER_NONNULL = YES;
				CLANG_ANALYZER_NUMBER_OBJECT_CONVERSION = YES_AGGRESSIVE;
				CLANG_CXX_LANGUAGE_STANDARD = "gnu++20";
				CLANG_ENABLE_MODULES = YES;
				CLANG_ENABLE_OBJC_ARC = YES;
				CLANG_ENABLE_OBJC_WEAK = YES;
				CLANG_WARN_BLOCK_CAPTURE_AUTORELEASING = YES;
				CLANG_WARN_BOOL_CONVERSION = YES;
				CLANG_WARN_COMMA = YES;
				CLANG_WARN_CONSTANT_CONVERSION = YES;
				CLANG_WARN_DEPRECATED_OBJC_IMPLEMENTATIONS = YES;
				CLANG_WARN_DIRECT_OBJC_ISA_USAGE = YES_ERROR;
				CLANG_WARN_DOCUMENTATION_COMMENTS = YES;
				CLANG_WARN_EMPTY_BODY = YES;
				CLANG_WARN_ENUM_CONVERSION = YES;
				CLANG_WARN_INFINITE_RECURSION = YES;
				CLANG_WARN_INT_CONVERSION = YES;
				CLANG_WARN_NON_LITERAL_NULL_CONVERSION = YES;
				CLANG_WARN_OBJC_IMPLICIT_RETAIN_SELF = YES;
				CLANG_WARN_OBJC_LITERAL_CONVERSION = YES;
				CLANG_WARN_OBJC_ROOT_CLASS = YES_ERROR;
				CLANG_WARN_QUOTED_INCLUDE_IN_FRAMEWORK_HEADER = YES;
				CLANG_WARN_RANGE_LOOP_ANALYSIS = YES;
				CLANG_WARN_STRICT_PROTOTYPES = YES;
				CLANG_WARN_SUSPICIOUS_MOVE = YES;
				CLANG_WARN_UNGUARDED_AVAILABILITY = YES_AGGRESSIVE;
				CLANG_WARN_UNREACHABLE_CODE = YES;
				CLANG_WARN__DUPLICATE_METHOD_MATCH = YES;
				COPY_PHASE_STRIP = NO;
				DEBUG_INFORMATION_FORMAT = dwarf;
				ENABLE_STRICT_OBJC_MSGSEND = YES;
				ENABLE_TESTABILITY = YES;
				GCC_C_LANGUAGE_STANDARD = gnu11;
				GCC_DYNAMIC_NO_PIC = NO;
				GCC_NO_COMMON_BLOCKS = YES;
				GCC_OPTIMIZATION_LEVEL = 0;
				GCC_PREPROCESSOR_DEFINITIONS = (
					"DEBUG=1",
					"$(inherited)",
				);
				GCC_WARN_64_TO_32_BIT_CONVERSION = YES;
				GCC_WARN_ABOUT_RETURN_TYPE = YES_ERROR;
				GCC_WARN_UNDECLARED_SELECTOR = YES;
				GCC_WARN_UNINITIALIZED_AUTOS = YES_AGGRESSIVE;
				GCC_WARN_UNUSED_FUNCTION = YES;
				GCC_WARN_UNUSED_VARIABLE = YES;
				IPHONEOS_DEPLOYMENT_TARGET = 16.2;
				MTL_ENABLE_DEBUG_INFO = INCLUDE_SOURCE;
				MTL_FAST_MATH = YES;
				ONLY_ACTIVE_ARCH = YES;
				SDKROOT = iphoneos;
				SWIFT_ACTIVE_COMPILATION_CONDITIONS = DEBUG;
				SWIFT_OPTIMIZATION_LEVEL = "-Onone";
			};
			name = Debug;
		};
		B12ED39A2997061F00272E53 /* Release */ = {
			isa = XCBuildConfiguration;
			buildSettings = {
				ALWAYS_SEARCH_USER_PATHS = NO;
				CLANG_ANALYZER_NONNULL = YES;
				CLANG_ANALYZER_NUMBER_OBJECT_CONVERSION = YES_AGGRESSIVE;
				CLANG_CXX_LANGUAGE_STANDARD = "gnu++20";
				CLANG_ENABLE_MODULES = YES;
				CLANG_ENABLE_OBJC_ARC = YES;
				CLANG_ENABLE_OBJC_WEAK = YES;
				CLANG_WARN_BLOCK_CAPTURE_AUTORELEASING = YES;
				CLANG_WARN_BOOL_CONVERSION = YES;
				CLANG_WARN_COMMA = YES;
				CLANG_WARN_CONSTANT_CONVERSION = YES;
				CLANG_WARN_DEPRECATED_OBJC_IMPLEMENTATIONS = YES;
				CLANG_WARN_DIRECT_OBJC_ISA_USAGE = YES_ERROR;
				CLANG_WARN_DOCUMENTATION_COMMENTS = YES;
				CLANG_WARN_EMPTY_BODY = YES;
				CLANG_WARN_ENUM_CONVERSION = YES;
				CLANG_WARN_INFINITE_RECURSION = YES;
				CLANG_WARN_INT_CONVERSION = YES;
				CLANG_WARN_NON_LITERAL_NULL_CONVERSION = YES;
				CLANG_WARN_OBJC_IMPLICIT_RETAIN_SELF = YES;
				CLANG_WARN_OBJC_LITERAL_CONVERSION = YES;
				CLANG_WARN_OBJC_ROOT_CLASS = YES_ERROR;
				CLANG_WARN_QUOTED_INCLUDE_IN_FRAMEWORK_HEADER = YES;
				CLANG_WARN_RANGE_LOOP_ANALYSIS = YES;
				CLANG_WARN_STRICT_PROTOTYPES = YES;
				CLANG_WARN_SUSPICIOUS_MOVE = YES;
				CLANG_WARN_UNGUARDED_AVAILABILITY = YES_AGGRESSIVE;
				CLANG_WARN_UNREACHABLE_CODE = YES;
				CLANG_WARN__DUPLICATE_METHOD_MATCH = YES;
				COPY_PHASE_STRIP = NO;
				DEBUG_INFORMATION_FORMAT = "dwarf-with-dsym";
				ENABLE_NS_ASSERTIONS = NO;
				ENABLE_STRICT_OBJC_MSGSEND = YES;
				GCC_C_LANGUAGE_STANDARD = gnu11;
				GCC_NO_COMMON_BLOCKS = YES;
				GCC_WARN_64_TO_32_BIT_CONVERSION = YES;
				GCC_WARN_ABOUT_RETURN_TYPE = YES_ERROR;
				GCC_WARN_UNDECLARED_SELECTOR = YES;
				GCC_WARN_UNINITIALIZED_AUTOS = YES_AGGRESSIVE;
				GCC_WARN_UNUSED_FUNCTION = YES;
				GCC_WARN_UNUSED_VARIABLE = YES;
				IPHONEOS_DEPLOYMENT_TARGET = 16.2;
				MTL_ENABLE_DEBUG_INFO = NO;
				MTL_FAST_MATH = YES;
				SDKROOT = iphoneos;
				SWIFT_COMPILATION_MODE = wholemodule;
				SWIFT_OPTIMIZATION_LEVEL = "-O";
				VALIDATE_PRODUCT = YES;
			};
			name = Release;
		};
		B12ED39C2997061F00272E53 /* Debug */ = {
			isa = XCBuildConfiguration;
			buildSettings = {
				ASSETCATALOG_COMPILER_APPICON_NAME = AppIcon;
				ASSETCATALOG_COMPILER_GLOBAL_ACCENT_COLOR_NAME = AccentColor;
				CODE_SIGN_STYLE = Automatic;
				CURRENT_PROJECT_VERSION = 1;
				GENERATE_INFOPLIST_FILE = YES;
				INFOPLIST_FILE = RickAndMorty/Info.plist;
				INFOPLIST_KEY_UIApplicationSupportsIndirectInputEvents = YES;
				INFOPLIST_KEY_UILaunchStoryboardName = LaunchScreen;
				INFOPLIST_KEY_UISupportedInterfaceOrientations_iPad = "UIInterfaceOrientationPortrait UIInterfaceOrientationPortraitUpsideDown UIInterfaceOrientationLandscapeLeft UIInterfaceOrientationLandscapeRight";
				INFOPLIST_KEY_UISupportedInterfaceOrientations_iPhone = "UIInterfaceOrientationPortrait UIInterfaceOrientationLandscapeLeft UIInterfaceOrientationLandscapeRight";
				LD_RUNPATH_SEARCH_PATHS = (
					"$(inherited)",
					"@executable_path/Frameworks",
				);
				MARKETING_VERSION = 1.0;
				PRODUCT_BUNDLE_IDENTIFIER = io.garrett.RickAndMorty;
				PRODUCT_NAME = "$(TARGET_NAME)";
				SWIFT_EMIT_LOC_STRINGS = YES;
				SWIFT_VERSION = 5.0;
				TARGETED_DEVICE_FAMILY = "1,2";
			};
			name = Debug;
		};
		B12ED39D2997061F00272E53 /* Release */ = {
			isa = XCBuildConfiguration;
			buildSettings = {
				ASSETCATALOG_COMPILER_APPICON_NAME = AppIcon;
				ASSETCATALOG_COMPILER_GLOBAL_ACCENT_COLOR_NAME = AccentColor;
				CODE_SIGN_STYLE = Automatic;
				CURRENT_PROJECT_VERSION = 1;
				GENERATE_INFOPLIST_FILE = YES;
				INFOPLIST_FILE = RickAndMorty/Info.plist;
				INFOPLIST_KEY_UIApplicationSupportsIndirectInputEvents = YES;
				INFOPLIST_KEY_UILaunchStoryboardName = LaunchScreen;
				INFOPLIST_KEY_UISupportedInterfaceOrientations_iPad = "UIInterfaceOrientationPortrait UIInterfaceOrientationPortraitUpsideDown UIInterfaceOrientationLandscapeLeft UIInterfaceOrientationLandscapeRight";
				INFOPLIST_KEY_UISupportedInterfaceOrientations_iPhone = "UIInterfaceOrientationPortrait UIInterfaceOrientationLandscapeLeft UIInterfaceOrientationLandscapeRight";
				LD_RUNPATH_SEARCH_PATHS = (
					"$(inherited)",
					"@executable_path/Frameworks",
				);
				MARKETING_VERSION = 1.0;
				PRODUCT_BUNDLE_IDENTIFIER = io.garrett.RickAndMorty;
				PRODUCT_NAME = "$(TARGET_NAME)";
				SWIFT_EMIT_LOC_STRINGS = YES;
				SWIFT_VERSION = 5.0;
				TARGETED_DEVICE_FAMILY = "1,2";
			};
			name = Release;
		};
/* End XCBuildConfiguration section */

/* Begin XCConfigurationList section */
		B12ED3822997061D00272E53 /* Build configuration list for PBXProject "RickAndMorty" */ = {
			isa = XCConfigurationList;
			buildConfigurations = (
				B12ED3992997061F00272E53 /* Debug */,
				B12ED39A2997061F00272E53 /* Release */,
			);
			defaultConfigurationIsVisible = 0;
			defaultConfigurationName = Release;
		};
		B12ED39B2997061F00272E53 /* Build configuration list for PBXNativeTarget "RickAndMorty" */ = {
			isa = XCConfigurationList;
			buildConfigurations = (
				B12ED39C2997061F00272E53 /* Debug */,
				B12ED39D2997061F00272E53 /* Release */,
			);
			defaultConfigurationIsVisible = 0;
			defaultConfigurationName = Release;
		};
/* End XCConfigurationList section */
	};
	rootObject = B12ED37F2997061D00272E53 /* Project object */;
}
